
Microsoft Visual Studio Solution File, Format Version 12.00
# Visual Studio Version 16
VisualStudioVersion = 16.0.31515.178
MinimumVisualStudioVersion = 10.0.40219.1
Project("{8BC9CEB8-8B4A-11D0-8D11-00A0C91BC942}") = "site lycée", "site lycée\site lycée.vcxproj", "{7B71EE03-0C74-4BA1-856C-F58A52D9C223}"
EndProject
Global
	GlobalSection(SolutionConfigurationPlatforms) = preSolution
		Debug|x64 = Debug|x64
		Debug|x86 = Debug|x86
		Release|x64 = Release|x64
		Release|x86 = Release|x86
	EndGlobalSection
	GlobalSection(ProjectConfigurationPlatforms) = postSolution
		{7B71EE03-0C74-4BA1-856C-F58A52D9C223}.Debug|x64.ActiveCfg = Debug|x64
		{7B71EE03-0C74-4BA1-856C-F58A52D9C223}.Debug|x64.Build.0 = Debug|x64
		{7B71EE03-0C74-4BA1-856C-F58A52D9C223}.Debug|x86.ActiveCfg = Debug|Win32
		{7B71EE03-0C74-4BA1-856C-F58A52D9C223}.Debug|x86.Build.0 = Debug|Win32
		{7B71EE03-0C74-4BA1-856C-F58A52D9C223}.Release|x64.ActiveCfg = Release|x64
		{7B71EE03-0C74-4BA1-856C-F58A52D9C223}.Release|x64.Build.0 = Release|x64
		{7B71EE03-0C74-4BA1-856C-F58A52D9C223}.Release|x86.ActiveCfg = Release|Win32
		{7B71EE03-0C74-4BA1-856C-F58A52D9C223}.Release|x86.Build.0 = Release|Win32
	EndGlobalSection
	GlobalSection(SolutionProperties) = preSolution
		HideSolutionNode = FALSE
	EndGlobalSection
	GlobalSection(ExtensibilityGlobals) = postSolution
		SolutionGuid = {731054FC-2FAD-4B4E-B7A4-27D8A80F51A9}
	EndGlobalSection
EndGlobal
